
Microsoft Visual Studio Solution File, Format Version 12.00
# Visual Studio Version 16
VisualStudioVersion = 16.0.30907.101
MinimumVisualStudioVersion = 10.0.40219.1
Project("{9A19103F-16F7-4668-BE54-9A1E7A4F7556}") = "SeleniumWithSpecflow", "SeleniumWithSpecflow.csproj", "{36824978-1BB7-40B9-9980-66E68893047F}"
EndProject
Project("{9A19103F-16F7-4668-BE54-9A1E7A4F7556}") = "BasicSelenium", "..\..\..\Documents\NUnit_Homework\DBSpecflowAutomation2\BasicSelenium.csproj", "{7F844DB4-B3A3-4075-976D-EE8331C3FE31}"
EndProject
Global
	GlobalSection(SolutionConfigurationPlatforms) = preSolution
		Debug|Any CPU = Debug|Any CPU
		Release|Any CPU = Release|Any CPU
	EndGlobalSection
	GlobalSection(ProjectConfigurationPlatforms) = postSolution
		{36824978-1BB7-40B9-9980-66E68893047F}.Debug|Any CPU.ActiveCfg = Debug|Any CPU
		{36824978-1BB7-40B9-9980-66E68893047F}.Debug|Any CPU.Build.0 = Debug|Any CPU
		{36824978-1BB7-40B9-9980-66E68893047F}.Release|Any CPU.ActiveCfg = Release|Any CPU
		{36824978-1BB7-40B9-9980-66E68893047F}.Release|Any CPU.Build.0 = Release|Any CPU
		{7F844DB4-B3A3-4075-976D-EE8331C3FE31}.Debug|Any CPU.ActiveCfg = Debug|Any CPU
		{7F844DB4-B3A3-4075-976D-EE8331C3FE31}.Debug|Any CPU.Build.0 = Debug|Any CPU
		{7F844DB4-B3A3-4075-976D-EE8331C3FE31}.Release|Any CPU.ActiveCfg = Release|Any CPU
		{7F844DB4-B3A3-4075-976D-EE8331C3FE31}.Release|Any CPU.Build.0 = Release|Any CPU
	EndGlobalSection
	GlobalSection(SolutionProperties) = preSolution
		HideSolutionNode = FALSE
	EndGlobalSection
	GlobalSection(ExtensibilityGlobals) = postSolution
		SolutionGuid = {1F0FDF22-7EFB-440C-AE7E-90222ED85238}
	EndGlobalSection
EndGlobal
